// !$*UTF8*$!
{
	archiveVersion = 1;
	classes = {
	};
	objectVersion = 48;
	objects = {

/* Begin PBXBuildFile section */
		3B9A6EBF1038391F14C26E7E /* Pods_shoppingList.framework in Frameworks */ = {isa = PBXBuildFile; fileRef = E277B34FE8B0F35BC40A8FB6 /* Pods_shoppingList.framework */; };
		460D6D141FFA5F5D00D066A5 /* AppDelegate.swift in Sources */ = {isa = PBXBuildFile; fileRef = 460D6D131FFA5F5D00D066A5 /* AppDelegate.swift */; };
		460D6D1B1FFA5F5D00D066A5 /* Assets.xcassets in Resources */ = {isa = PBXBuildFile; fileRef = 460D6D1A1FFA5F5D00D066A5 /* Assets.xcassets */; };
		460D6D1E1FFA5F5D00D066A5 /* LaunchScreen.storyboard in Resources */ = {isa = PBXBuildFile; fileRef = 460D6D1C1FFA5F5D00D066A5 /* LaunchScreen.storyboard */; };
		460D6D261FFA603F00D066A5 /* ListViewController.swift in Sources */ = {isa = PBXBuildFile; fileRef = 460D6D251FFA603F00D066A5 /* ListViewController.swift */; };
		466E507E201D177D00682A3C /* ListsViewController.swift in Sources */ = {isa = PBXBuildFile; fileRef = 466E507D201D177D00682A3C /* ListsViewController.swift */; };
		466E5080201D17BE00682A3C /* ListsView.swift in Sources */ = {isa = PBXBuildFile; fileRef = 466E507F201D17BE00682A3C /* ListsView.swift */; };
		466E5082201D180900682A3C /* ShoppingList.swift in Sources */ = {isa = PBXBuildFile; fileRef = 466E5081201D180900682A3C /* ShoppingList.swift */; };
		4682139E2041A6AC007D2A6C /* StoreItem.swift in Sources */ = {isa = PBXBuildFile; fileRef = 4682139D2041A6AC007D2A6C /* StoreItem.swift */; };
		468213A02044A2ED007D2A6C /* Metrics.swift in Sources */ = {isa = PBXBuildFile; fileRef = 4682139F2044A2ED007D2A6C /* Metrics.swift */; };
		468213A22044A413007D2A6C /* Colors.swift in Sources */ = {isa = PBXBuildFile; fileRef = 468213A12044A413007D2A6C /* Colors.swift */; };
		468213A42044A479007D2A6C /* Animations.swift in Sources */ = {isa = PBXBuildFile; fileRef = 468213A32044A479007D2A6C /* Animations.swift */; };
		468449CE1FFA6F3A00236BFC /* BaseView.swift in Sources */ = {isa = PBXBuildFile; fileRef = 468449CD1FFA6F3A00236BFC /* BaseView.swift */; };
		468449D01FFA6F4C00236BFC /* BaseViewController.swift in Sources */ = {isa = PBXBuildFile; fileRef = 468449CF1FFA6F4C00236BFC /* BaseViewController.swift */; };
		468449D21FFA6FE300236BFC /* UIEdgeInsets+PinLayout.swift in Sources */ = {isa = PBXBuildFile; fileRef = 468449D11FFA6FE300236BFC /* UIEdgeInsets+PinLayout.swift */; };
		468449D51FFA713600236BFC /* ListView.swift in Sources */ = {isa = PBXBuildFile; fileRef = 468449D41FFA713600236BFC /* ListView.swift */; };
		46AE74C8207A970600E29B6F /* UIViewController+navigationbar.swift in Sources */ = {isa = PBXBuildFile; fileRef = 46AE74C7207A970600E29B6F /* UIViewController+navigationbar.swift */; };
		46B64F771FFA864E00C4005F /* UITableViewCell+identifier.swift in Sources */ = {isa = PBXBuildFile; fileRef = 46B64F761FFA864E00C4005F /* UITableViewCell+identifier.swift */; };
		46B64F791FFA86ED00C4005F /* UITableView+identifier.swift in Sources */ = {isa = PBXBuildFile; fileRef = 46B64F781FFA86ED00C4005F /* UITableView+identifier.swift */; };
		46B64F7B1FFA8B0400C4005F /* ListCell.swift in Sources */ = {isa = PBXBuildFile; fileRef = 46B64F7A1FFA8B0400C4005F /* ListCell.swift */; };
		46B64F7E1FFA8E0B00C4005F /* ShoppingItem.swift in Sources */ = {isa = PBXBuildFile; fileRef = 46B64F7D1FFA8E0B00C4005F /* ShoppingItem.swift */; };
		46D9E0FC2073EA3300ADC4F7 /* UIViewController+KeyboardAvoidable.swift in Sources */ = {isa = PBXBuildFile; fileRef = 46D9E0FB2073EA3300ADC4F7 /* UIViewController+KeyboardAvoidable.swift */; };
		46E6086F200543B100CEA163 /* MockDatasource.swift in Sources */ = {isa = PBXBuildFile; fileRef = 46E6086E200543B100CEA163 /* MockDatasource.swift */; };
/* End PBXBuildFile section */

/* Begin PBXFileReference section */
		460D6D101FFA5F5D00D066A5 /* shoppingList.app */ = {isa = PBXFileReference; explicitFileType = wrapper.application; includeInIndex = 0; path = shoppingList.app; sourceTree = BUILT_PRODUCTS_DIR; };
		460D6D131FFA5F5D00D066A5 /* AppDelegate.swift */ = {isa = PBXFileReference; lastKnownFileType = sourcecode.swift; path = AppDelegate.swift; sourceTree = "<group>"; };
		460D6D1A1FFA5F5D00D066A5 /* Assets.xcassets */ = {isa = PBXFileReference; lastKnownFileType = folder.assetcatalog; path = Assets.xcassets; sourceTree = "<group>"; };
		460D6D1D1FFA5F5D00D066A5 /* Base */ = {isa = PBXFileReference; lastKnownFileType = file.storyboard; name = Base; path = Base.lproj/LaunchScreen.storyboard; sourceTree = "<group>"; };
		460D6D1F1FFA5F5D00D066A5 /* Info.plist */ = {isa = PBXFileReference; lastKnownFileType = text.plist.xml; path = Info.plist; sourceTree = "<group>"; };
		460D6D251FFA603F00D066A5 /* ListViewController.swift */ = {isa = PBXFileReference; lastKnownFileType = sourcecode.swift; path = ListViewController.swift; sourceTree = "<group>"; };
		466E507D201D177D00682A3C /* ListsViewController.swift */ = {isa = PBXFileReference; lastKnownFileType = sourcecode.swift; path = ListsViewController.swift; sourceTree = "<group>"; };
		466E507F201D17BE00682A3C /* ListsView.swift */ = {isa = PBXFileReference; lastKnownFileType = sourcecode.swift; path = ListsView.swift; sourceTree = "<group>"; };
		466E5081201D180900682A3C /* ShoppingList.swift */ = {isa = PBXFileReference; lastKnownFileType = sourcecode.swift; path = ShoppingList.swift; sourceTree = "<group>"; };
		4682139D2041A6AC007D2A6C /* StoreItem.swift */ = {isa = PBXFileReference; lastKnownFileType = sourcecode.swift; path = StoreItem.swift; sourceTree = "<group>"; };
		4682139F2044A2ED007D2A6C /* Metrics.swift */ = {isa = PBXFileReference; lastKnownFileType = sourcecode.swift; path = Metrics.swift; sourceTree = "<group>"; };
		468213A12044A413007D2A6C /* Colors.swift */ = {isa = PBXFileReference; lastKnownFileType = sourcecode.swift; path = Colors.swift; sourceTree = "<group>"; };
		468213A32044A479007D2A6C /* Animations.swift */ = {isa = PBXFileReference; lastKnownFileType = sourcecode.swift; path = Animations.swift; sourceTree = "<group>"; };
		468449CD1FFA6F3A00236BFC /* BaseView.swift */ = {isa = PBXFileReference; lastKnownFileType = sourcecode.swift; path = BaseView.swift; sourceTree = "<group>"; };
		468449CF1FFA6F4C00236BFC /* BaseViewController.swift */ = {isa = PBXFileReference; lastKnownFileType = sourcecode.swift; path = BaseViewController.swift; sourceTree = "<group>"; };
		468449D11FFA6FE300236BFC /* UIEdgeInsets+PinLayout.swift */ = {isa = PBXFileReference; lastKnownFileType = sourcecode.swift; path = "UIEdgeInsets+PinLayout.swift"; sourceTree = "<group>"; };
		468449D41FFA713600236BFC /* ListView.swift */ = {isa = PBXFileReference; lastKnownFileType = sourcecode.swift; path = ListView.swift; sourceTree = "<group>"; };
		46AE74C7207A970600E29B6F /* UIViewController+navigationbar.swift */ = {isa = PBXFileReference; lastKnownFileType = sourcecode.swift; path = "UIViewController+navigationbar.swift"; sourceTree = "<group>"; };
		46B64F761FFA864E00C4005F /* UITableViewCell+identifier.swift */ = {isa = PBXFileReference; lastKnownFileType = sourcecode.swift; path = "UITableViewCell+identifier.swift"; sourceTree = "<group>"; };
		46B64F781FFA86ED00C4005F /* UITableView+identifier.swift */ = {isa = PBXFileReference; lastKnownFileType = sourcecode.swift; path = "UITableView+identifier.swift"; sourceTree = "<group>"; };
		46B64F7A1FFA8B0400C4005F /* ListCell.swift */ = {isa = PBXFileReference; lastKnownFileType = sourcecode.swift; path = ListCell.swift; sourceTree = "<group>"; };
		46B64F7D1FFA8E0B00C4005F /* ShoppingItem.swift */ = {isa = PBXFileReference; lastKnownFileType = sourcecode.swift; path = ShoppingItem.swift; sourceTree = "<group>"; };
		46D9E0FB2073EA3300ADC4F7 /* UIViewController+KeyboardAvoidable.swift */ = {isa = PBXFileReference; lastKnownFileType = sourcecode.swift; path = "UIViewController+KeyboardAvoidable.swift"; sourceTree = "<group>"; };
		46E6086E200543B100CEA163 /* MockDatasource.swift */ = {isa = PBXFileReference; lastKnownFileType = sourcecode.swift; path = MockDatasource.swift; sourceTree = "<group>"; };
		75FAE1335FE14AE5A4F6E68D /* Pods-shoppingList.release.xcconfig */ = {isa = PBXFileReference; includeInIndex = 1; lastKnownFileType = text.xcconfig; name = "Pods-shoppingList.release.xcconfig"; path = "Pods/Target Support Files/Pods-shoppingList/Pods-shoppingList.release.xcconfig"; sourceTree = "<group>"; };
		A1569626B00F4C7B94C7676A /* Pods-shoppingList.debug.xcconfig */ = {isa = PBXFileReference; includeInIndex = 1; lastKnownFileType = text.xcconfig; name = "Pods-shoppingList.debug.xcconfig"; path = "Pods/Target Support Files/Pods-shoppingList/Pods-shoppingList.debug.xcconfig"; sourceTree = "<group>"; };
		E277B34FE8B0F35BC40A8FB6 /* Pods_shoppingList.framework */ = {isa = PBXFileReference; explicitFileType = wrapper.framework; includeInIndex = 0; path = Pods_shoppingList.framework; sourceTree = BUILT_PRODUCTS_DIR; };
/* End PBXFileReference section */

/* Begin PBXFrameworksBuildPhase section */
		460D6D0D1FFA5F5C00D066A5 /* Frameworks */ = {
			isa = PBXFrameworksBuildPhase;
			buildActionMask = 2147483647;
			files = (
				3B9A6EBF1038391F14C26E7E /* Pods_shoppingList.framework in Frameworks */,
			);
			runOnlyForDeploymentPostprocessing = 0;
		};
/* End PBXFrameworksBuildPhase section */

/* Begin PBXGroup section */
		460D6D071FFA5F5C00D066A5 = {
			isa = PBXGroup;
			children = (
				460D6D121FFA5F5D00D066A5 /* shoplist */,
				460D6D111FFA5F5D00D066A5 /* Products */,
				47725033DFC860470F32F599 /* Pods */,
				8191F46EE7354B3979DA6B77 /* Frameworks */,
			);
			sourceTree = "<group>";
		};
		460D6D111FFA5F5D00D066A5 /* Products */ = {
			isa = PBXGroup;
			children = (
				460D6D101FFA5F5D00D066A5 /* shoppingList.app */,
			);
			name = Products;
			sourceTree = "<group>";
		};
		460D6D121FFA5F5D00D066A5 /* shoplist */ = {
			isa = PBXGroup;
			children = (
				4682139A2041A0D3007D2A6C /* Utils */,
				46619B1920065C3B00DEF38F /* Screens */,
				46E6086D2005439900CEA163 /* Datasources */,
				46B64F7C1FFA8DFC00C4005F /* Models */,
				46B64F751FFA862400C4005F /* Extensions */,
				468449CC1FFA6F1D00236BFC /* Base */,
				460D6D131FFA5F5D00D066A5 /* AppDelegate.swift */,
				460D6D1A1FFA5F5D00D066A5 /* Assets.xcassets */,
				460D6D1C1FFA5F5D00D066A5 /* LaunchScreen.storyboard */,
				460D6D1F1FFA5F5D00D066A5 /* Info.plist */,
			);
			path = shoplist;
			sourceTree = "<group>";
		};
		46619B1920065C3B00DEF38F /* Screens */ = {
			isa = PBXGroup;
			children = (
				466E507C201CAA2700682A3C /* Lists */,
				468449D31FFA711300236BFC /* List */,
			);
			path = Screens;
			sourceTree = "<group>";
		};
		466E507C201CAA2700682A3C /* Lists */ = {
			isa = PBXGroup;
			children = (
				466E507D201D177D00682A3C /* ListsViewController.swift */,
				466E507F201D17BE00682A3C /* ListsView.swift */,
			);
			path = Lists;
			sourceTree = "<group>";
		};
		4682139A2041A0D3007D2A6C /* Utils */ = {
			isa = PBXGroup;
			children = (
				4682139F2044A2ED007D2A6C /* Metrics.swift */,
				468213A12044A413007D2A6C /* Colors.swift */,
				468213A32044A479007D2A6C /* Animations.swift */,
			);
			path = Utils;
			sourceTree = "<group>";
		};
		468449CC1FFA6F1D00236BFC /* Base */ = {
			isa = PBXGroup;
			children = (
				468449CD1FFA6F3A00236BFC /* BaseView.swift */,
				468449CF1FFA6F4C00236BFC /* BaseViewController.swift */,
			);
			path = Base;
			sourceTree = "<group>";
		};
		468449D31FFA711300236BFC /* List */ = {
			isa = PBXGroup;
			children = (
				460D6D251FFA603F00D066A5 /* ListViewController.swift */,
				468449D41FFA713600236BFC /* ListView.swift */,
				46B64F7A1FFA8B0400C4005F /* ListCell.swift */,
			);
			path = List;
			sourceTree = "<group>";
		};
		46B64F751FFA862400C4005F /* Extensions */ = {
			isa = PBXGroup;
			children = (
				468449D11FFA6FE300236BFC /* UIEdgeInsets+PinLayout.swift */,
				46D9E0FB2073EA3300ADC4F7 /* UIViewController+KeyboardAvoidable.swift */,
				46B64F761FFA864E00C4005F /* UITableViewCell+identifier.swift */,
				46B64F781FFA86ED00C4005F /* UITableView+identifier.swift */,
				46AE74C7207A970600E29B6F /* UIViewController+navigationbar.swift */,
			);
			path = Extensions;
			sourceTree = "<group>";
		};
		46B64F7C1FFA8DFC00C4005F /* Models */ = {
			isa = PBXGroup;
			children = (
				46B64F7D1FFA8E0B00C4005F /* ShoppingItem.swift */,
				466E5081201D180900682A3C /* ShoppingList.swift */,
				4682139D2041A6AC007D2A6C /* StoreItem.swift */,
			);
			path = Models;
			sourceTree = "<group>";
		};
		46E6086D2005439900CEA163 /* Datasources */ = {
			isa = PBXGroup;
			children = (
				46E6086E200543B100CEA163 /* MockDatasource.swift */,
			);
			path = Datasources;
			sourceTree = "<group>";
		};
		47725033DFC860470F32F599 /* Pods */ = {
			isa = PBXGroup;
			children = (
				A1569626B00F4C7B94C7676A /* Pods-shoppingList.debug.xcconfig */,
				75FAE1335FE14AE5A4F6E68D /* Pods-shoppingList.release.xcconfig */,
			);
			name = Pods;
			sourceTree = "<group>";
		};
		8191F46EE7354B3979DA6B77 /* Frameworks */ = {
			isa = PBXGroup;
			children = (
				E277B34FE8B0F35BC40A8FB6 /* Pods_shoppingList.framework */,
			);
			name = Frameworks;
			sourceTree = "<group>";
		};
/* End PBXGroup section */

/* Begin PBXNativeTarget section */
		460D6D0F1FFA5F5C00D066A5 /* shoppingList */ = {
			isa = PBXNativeTarget;
			buildConfigurationList = 460D6D221FFA5F5D00D066A5 /* Build configuration list for PBXNativeTarget "shoppingList" */;
			buildPhases = (
				BEA79B50316C011F6CA556F0 /* [CP] Check Pods Manifest.lock */,
				460D6D0C1FFA5F5C00D066A5 /* Sources */,
				460D6D0D1FFA5F5C00D066A5 /* Frameworks */,
				460D6D0E1FFA5F5C00D066A5 /* Resources */,
				7C8CE2A5D6FDD16F902A2891 /* [CP] Embed Pods Frameworks */,
				7073D260DA23C01A8BA1DA12 /* [CP] Copy Pods Resources */,
			);
			buildRules = (
			);
			dependencies = (
			);
			name = shoppingList;
			productName = shoplist;
			productReference = 460D6D101FFA5F5D00D066A5 /* shoppingList.app */;
			productType = "com.apple.product-type.application";
		};
/* End PBXNativeTarget section */

/* Begin PBXProject section */
		460D6D081FFA5F5C00D066A5 /* Project object */ = {
			isa = PBXProject;
			attributes = {
				LastSwiftUpdateCheck = 0920;
				LastUpgradeCheck = 0920;
				ORGANIZATIONNAME = "Krzysztof Piatkowski";
				TargetAttributes = {
					460D6D0F1FFA5F5C00D066A5 = {
						CreatedOnToolsVersion = 9.2;
						ProvisioningStyle = Automatic;
					};
				};
			};
			buildConfigurationList = 460D6D0B1FFA5F5C00D066A5 /* Build configuration list for PBXProject "shoplist" */;
			compatibilityVersion = "Xcode 8.0";
			developmentRegion = en;
			hasScannedForEncodings = 0;
			knownRegions = (
				en,
				Base,
			);
			mainGroup = 460D6D071FFA5F5C00D066A5;
			productRefGroup = 460D6D111FFA5F5D00D066A5 /* Products */;
			projectDirPath = "";
			projectRoot = "";
			targets = (
				460D6D0F1FFA5F5C00D066A5 /* shoppingList */,
			);
		};
/* End PBXProject section */

/* Begin PBXResourcesBuildPhase section */
		460D6D0E1FFA5F5C00D066A5 /* Resources */ = {
			isa = PBXResourcesBuildPhase;
			buildActionMask = 2147483647;
			files = (
				460D6D1E1FFA5F5D00D066A5 /* LaunchScreen.storyboard in Resources */,
				460D6D1B1FFA5F5D00D066A5 /* Assets.xcassets in Resources */,
			);
			runOnlyForDeploymentPostprocessing = 0;
		};
/* End PBXResourcesBuildPhase section */

/* Begin PBXShellScriptBuildPhase section */
		7073D260DA23C01A8BA1DA12 /* [CP] Copy Pods Resources */ = {
			isa = PBXShellScriptBuildPhase;
			buildActionMask = 2147483647;
			files = (
			);
			inputPaths = (
			);
			name = "[CP] Copy Pods Resources";
			outputPaths = (
			);
			runOnlyForDeploymentPostprocessing = 0;
			shellPath = /bin/sh;
			shellScript = "\"${SRCROOT}/Pods/Target Support Files/Pods-shoppingList/Pods-shoppingList-resources.sh\"\n";
			showEnvVarsInLog = 0;
		};
		7C8CE2A5D6FDD16F902A2891 /* [CP] Embed Pods Frameworks */ = {
			isa = PBXShellScriptBuildPhase;
			buildActionMask = 2147483647;
			files = (
			);
			inputPaths = (
				"${SRCROOT}/Pods/Target Support Files/Pods-shoppingList/Pods-shoppingList-frameworks.sh",
				"${BUILT_PRODUCTS_DIR}/PinLayout/PinLayout.framework",
			);
			name = "[CP] Embed Pods Frameworks";
			outputPaths = (
				"${TARGET_BUILD_DIR}/${FRAMEWORKS_FOLDER_PATH}/PinLayout.framework",
			);
			runOnlyForDeploymentPostprocessing = 0;
			shellPath = /bin/sh;
			shellScript = "\"${SRCROOT}/Pods/Target Support Files/Pods-shoppingList/Pods-shoppingList-frameworks.sh\"\n";
			showEnvVarsInLog = 0;
		};
		BEA79B50316C011F6CA556F0 /* [CP] Check Pods Manifest.lock */ = {
			isa = PBXShellScriptBuildPhase;
			buildActionMask = 2147483647;
			files = (
			);
			inputPaths = (
				"${PODS_PODFILE_DIR_PATH}/Podfile.lock",
				"${PODS_ROOT}/Manifest.lock",
			);
			name = "[CP] Check Pods Manifest.lock";
			outputPaths = (
				"$(DERIVED_FILE_DIR)/Pods-shoppingList-checkManifestLockResult.txt",
			);
			runOnlyForDeploymentPostprocessing = 0;
			shellPath = /bin/sh;
			shellScript = "diff \"${PODS_PODFILE_DIR_PATH}/Podfile.lock\" \"${PODS_ROOT}/Manifest.lock\" > /dev/null\nif [ $? != 0 ] ; then\n    # print error to STDERR\n    echo \"error: The sandbox is not in sync with the Podfile.lock. Run 'pod install' or update your CocoaPods installation.\" >&2\n    exit 1\nfi\n# This output is used by Xcode 'outputs' to avoid re-running this script phase.\necho \"SUCCESS\" > \"${SCRIPT_OUTPUT_FILE_0}\"\n";
			showEnvVarsInLog = 0;
		};
/* End PBXShellScriptBuildPhase section */

/* Begin PBXSourcesBuildPhase section */
		460D6D0C1FFA5F5C00D066A5 /* Sources */ = {
			isa = PBXSourcesBuildPhase;
			buildActionMask = 2147483647;
			files = (
				46D9E0FC2073EA3300ADC4F7 /* UIViewController+KeyboardAvoidable.swift in Sources */,
				468449CE1FFA6F3A00236BFC /* BaseView.swift in Sources */,
				466E5080201D17BE00682A3C /* ListsView.swift in Sources */,
				468449D01FFA6F4C00236BFC /* BaseViewController.swift in Sources */,
				468213A22044A413007D2A6C /* Colors.swift in Sources */,
				466E507E201D177D00682A3C /* ListsViewController.swift in Sources */,
				46B64F7E1FFA8E0B00C4005F /* ShoppingItem.swift in Sources */,
				46B64F771FFA864E00C4005F /* UITableViewCell+identifier.swift in Sources */,
				4682139E2041A6AC007D2A6C /* StoreItem.swift in Sources */,
				46E6086F200543B100CEA163 /* MockDatasource.swift in Sources */,
				468449D51FFA713600236BFC /* ListView.swift in Sources */,
				460D6D261FFA603F00D066A5 /* ListViewController.swift in Sources */,
				46AE74C8207A970600E29B6F /* UIViewController+navigationbar.swift in Sources */,
				466E5082201D180900682A3C /* ShoppingList.swift in Sources */,
				460D6D141FFA5F5D00D066A5 /* AppDelegate.swift in Sources */,
				46B64F7B1FFA8B0400C4005F /* ListCell.swift in Sources */,
				468213A42044A479007D2A6C /* Animations.swift in Sources */,
				46B64F791FFA86ED00C4005F /* UITableView+identifier.swift in Sources */,
				468449D21FFA6FE300236BFC /* UIEdgeInsets+PinLayout.swift in Sources */,
				468213A02044A2ED007D2A6C /* Metrics.swift in Sources */,
			);
			runOnlyForDeploymentPostprocessing = 0;
		};
/* End PBXSourcesBuildPhase section */

/* Begin PBXVariantGroup section */
		460D6D1C1FFA5F5D00D066A5 /* LaunchScreen.storyboard */ = {
			isa = PBXVariantGroup;
			children = (
				460D6D1D1FFA5F5D00D066A5 /* Base */,
			);
			name = LaunchScreen.storyboard;
			sourceTree = "<group>";
		};
/* End PBXVariantGroup section */

/* Begin XCBuildConfiguration section */
		460D6D201FFA5F5D00D066A5 /* Debug */ = {
			isa = XCBuildConfiguration;
			buildSettings = {
				ALWAYS_SEARCH_USER_PATHS = NO;
				CLANG_ANALYZER_NONNULL = YES;
				CLANG_ANALYZER_NUMBER_OBJECT_CONVERSION = YES_AGGRESSIVE;
				CLANG_CXX_LANGUAGE_STANDARD = "gnu++14";
				CLANG_CXX_LIBRARY = "libc++";
				CLANG_ENABLE_MODULES = YES;
				CLANG_ENABLE_OBJC_ARC = YES;
				CLANG_WARN_BLOCK_CAPTURE_AUTORELEASING = YES;
				CLANG_WARN_BOOL_CONVERSION = YES;
				CLANG_WARN_COMMA = YES;
				CLANG_WARN_CONSTANT_CONVERSION = YES;
				CLANG_WARN_DIRECT_OBJC_ISA_USAGE = YES_ERROR;
				CLANG_WARN_DOCUMENTATION_COMMENTS = YES;
				CLANG_WARN_EMPTY_BODY = YES;
				CLANG_WARN_ENUM_CONVERSION = YES;
				CLANG_WARN_INFINITE_RECURSION = YES;
				CLANG_WARN_INT_CONVERSION = YES;
				CLANG_WARN_NON_LITERAL_NULL_CONVERSION = YES;
				CLANG_WARN_OBJC_LITERAL_CONVERSION = YES;
				CLANG_WARN_OBJC_ROOT_CLASS = YES_ERROR;
				CLANG_WARN_RANGE_LOOP_ANALYSIS = YES;
				CLANG_WARN_STRICT_PROTOTYPES = YES;
				CLANG_WARN_SUSPICIOUS_MOVE = YES;
				CLANG_WARN_UNGUARDED_AVAILABILITY = YES_AGGRESSIVE;
				CLANG_WARN_UNREACHABLE_CODE = YES;
				CLANG_WARN__DUPLICATE_METHOD_MATCH = YES;
				CODE_SIGN_IDENTITY = "iPhone Developer";
				COPY_PHASE_STRIP = NO;
				DEBUG_INFORMATION_FORMAT = dwarf;
				ENABLE_STRICT_OBJC_MSGSEND = YES;
				ENABLE_TESTABILITY = YES;
				GCC_C_LANGUAGE_STANDARD = gnu11;
				GCC_DYNAMIC_NO_PIC = NO;
				GCC_NO_COMMON_BLOCKS = YES;
				GCC_OPTIMIZATION_LEVEL = 0;
				GCC_PREPROCESSOR_DEFINITIONS = (
					"DEBUG=1",
					"$(inherited)",
				);
				GCC_WARN_64_TO_32_BIT_CONVERSION = YES;
				GCC_WARN_ABOUT_RETURN_TYPE = YES_ERROR;
				GCC_WARN_UNDECLARED_SELECTOR = YES;
				GCC_WARN_UNINITIALIZED_AUTOS = YES_AGGRESSIVE;
				GCC_WARN_UNUSED_FUNCTION = YES;
				GCC_WARN_UNUSED_VARIABLE = YES;
				IPHONEOS_DEPLOYMENT_TARGET = 11.2;
				MTL_ENABLE_DEBUG_INFO = YES;
				ONLY_ACTIVE_ARCH = YES;
				SDKROOT = iphoneos;
				SWIFT_ACTIVE_COMPILATION_CONDITIONS = DEBUG;
				SWIFT_OPTIMIZATION_LEVEL = "-Onone";
			};
			name = Debug;
		};
		460D6D211FFA5F5D00D066A5 /* Release */ = {
			isa = XCBuildConfiguration;
			buildSettings = {
				ALWAYS_SEARCH_USER_PATHS = NO;
				CLANG_ANALYZER_NONNULL = YES;
				CLANG_ANALYZER_NUMBER_OBJECT_CONVERSION = YES_AGGRESSIVE;
				CLANG_CXX_LANGUAGE_STANDARD = "gnu++14";
				CLANG_CXX_LIBRARY = "libc++";
				CLANG_ENABLE_MODULES = YES;
				CLANG_ENABLE_OBJC_ARC = YES;
				CLANG_WARN_BLOCK_CAPTURE_AUTORELEASING = YES;
				CLANG_WARN_BOOL_CONVERSION = YES;
				CLANG_WARN_COMMA = YES;
				CLANG_WARN_CONSTANT_CONVERSION = YES;
				CLANG_WARN_DIRECT_OBJC_ISA_USAGE = YES_ERROR;
				CLANG_WARN_DOCUMENTATION_COMMENTS = YES;
				CLANG_WARN_EMPTY_BODY = YES;
				CLANG_WARN_ENUM_CONVERSION = YES;
				CLANG_WARN_INFINITE_RECURSION = YES;
				CLANG_WARN_INT_CONVERSION = YES;
				CLANG_WARN_NON_LITERAL_NULL_CONVERSION = YES;
				CLANG_WARN_OBJC_LITERAL_CONVERSION = YES;
				CLANG_WARN_OBJC_ROOT_CLASS = YES_ERROR;
				CLANG_WARN_RANGE_LOOP_ANALYSIS = YES;
				CLANG_WARN_STRICT_PROTOTYPES = YES;
				CLANG_WARN_SUSPICIOUS_MOVE = YES;
				CLANG_WARN_UNGUARDED_AVAILABILITY = YES_AGGRESSIVE;
				CLANG_WARN_UNREACHABLE_CODE = YES;
				CLANG_WARN__DUPLICATE_METHOD_MATCH = YES;
				CODE_SIGN_IDENTITY = "iPhone Developer";
				COPY_PHASE_STRIP = NO;
				DEBUG_INFORMATION_FORMAT = "dwarf-with-dsym";
				ENABLE_NS_ASSERTIONS = NO;
				ENABLE_STRICT_OBJC_MSGSEND = YES;
				GCC_C_LANGUAGE_STANDARD = gnu11;
				GCC_NO_COMMON_BLOCKS = YES;
				GCC_WARN_64_TO_32_BIT_CONVERSION = YES;
				GCC_WARN_ABOUT_RETURN_TYPE = YES_ERROR;
				GCC_WARN_UNDECLARED_SELECTOR = YES;
				GCC_WARN_UNINITIALIZED_AUTOS = YES_AGGRESSIVE;
				GCC_WARN_UNUSED_FUNCTION = YES;
				GCC_WARN_UNUSED_VARIABLE = YES;
				IPHONEOS_DEPLOYMENT_TARGET = 11.2;
				MTL_ENABLE_DEBUG_INFO = NO;
				SDKROOT = iphoneos;
				SWIFT_OPTIMIZATION_LEVEL = "-Owholemodule";
				VALIDATE_PRODUCT = YES;
			};
			name = Release;
		};
		460D6D231FFA5F5D00D066A5 /* Debug */ = {
			isa = XCBuildConfiguration;
			baseConfigurationReference = A1569626B00F4C7B94C7676A /* Pods-shoppingList.debug.xcconfig */;
			buildSettings = {
				ASSETCATALOG_COMPILER_APPICON_NAME = AppIcon;
				CODE_SIGN_STYLE = Automatic;
				INFOPLIST_FILE = shoplist/Info.plist;
				LD_RUNPATH_SEARCH_PATHS = "$(inherited) @executable_path/Frameworks";
				PRODUCT_BUNDLE_IDENTIFIER = dk.kpi.shoplist.shoppinglist;
				PRODUCT_NAME = "$(TARGET_NAME)";
				SWIFT_VERSION = 4.0;
				TARGETED_DEVICE_FAMILY = "1,2";
			};
			name = Debug;
		};
		460D6D241FFA5F5D00D066A5 /* Release */ = {
			isa = XCBuildConfiguration;
			baseConfigurationReference = 75FAE1335FE14AE5A4F6E68D /* Pods-shoppingList.release.xcconfig */;
			buildSettings = {
				ASSETCATALOG_COMPILER_APPICON_NAME = AppIcon;
				CODE_SIGN_STYLE = Automatic;
				INFOPLIST_FILE = shoplist/Info.plist;
				LD_RUNPATH_SEARCH_PATHS = "$(inherited) @executable_path/Frameworks";
				PRODUCT_BUNDLE_IDENTIFIER = dk.kpi.shoplist.shoppinglist;
				PRODUCT_NAME = "$(TARGET_NAME)";
				SWIFT_VERSION = 4.0;
				TARGETED_DEVICE_FAMILY = "1,2";
			};
			name = Release;
		};
/* End XCBuildConfiguration section */

/* Begin XCConfigurationList section */
		460D6D0B1FFA5F5C00D066A5 /* Build configuration list for PBXProject "shoplist" */ = {
			isa = XCConfigurationList;
			buildConfigurations = (
				460D6D201FFA5F5D00D066A5 /* Debug */,
				460D6D211FFA5F5D00D066A5 /* Release */,
			);
			defaultConfigurationIsVisible = 0;
			defaultConfigurationName = Release;
		};
		460D6D221FFA5F5D00D066A5 /* Build configuration list for PBXNativeTarget "shoppingList" */ = {
			isa = XCConfigurationList;
			buildConfigurations = (
				460D6D231FFA5F5D00D066A5 /* Debug */,
				460D6D241FFA5F5D00D066A5 /* Release */,
			);
			defaultConfigurationIsVisible = 0;
			defaultConfigurationName = Release;
		};
/* End XCConfigurationList section */
	};
	rootObject = 460D6D081FFA5F5C00D066A5 /* Project object */;
}
